
Microsoft Visual Studio Solution File, Format Version 12.00
# Visual Studio Version 17
VisualStudioVersion = 17.4.33205.214
MinimumVisualStudioVersion = 10.0.40219.1
Project("{FAE04EC0-301F-11D3-BF4B-00C04F79EFBC}") = "SolarPanelBackend", "SolarPanelBackend\SolarPanelBackend.csproj", "{696C90D5-CFE4-4E59-9AD1-52F51ABF5D58}"
EndProject
Project("{FAE04EC0-301F-11D3-BF4B-00C04F79EFBC}") = "SolarPanelFrontend", "SolarPanelFrontend\SolarPanelFrontend.csproj", "{4B3AFCF1-811A-495E-8054-5E6DD3B76678}"
EndProject
Global
	GlobalSection(SolutionConfigurationPlatforms) = preSolution
		Debug|Any CPU = Debug|Any CPU
		Release|Any CPU = Release|Any CPU
	EndGlobalSection
	GlobalSection(ProjectConfigurationPlatforms) = postSolution
		{696C90D5-CFE4-4E59-9AD1-52F51ABF5D58}.Debug|Any CPU.ActiveCfg = Debug|Any CPU
		{696C90D5-CFE4-4E59-9AD1-52F51ABF5D58}.Debug|Any CPU.Build.0 = Debug|Any CPU
		{696C90D5-CFE4-4E59-9AD1-52F51ABF5D58}.Release|Any CPU.ActiveCfg = Release|Any CPU
		{696C90D5-CFE4-4E59-9AD1-52F51ABF5D58}.Release|Any CPU.Build.0 = Release|Any CPU
		{4B3AFCF1-811A-495E-8054-5E6DD3B76678}.Debug|Any CPU.ActiveCfg = Debug|Any CPU
		{4B3AFCF1-811A-495E-8054-5E6DD3B76678}.Debug|Any CPU.Build.0 = Debug|Any CPU
		{4B3AFCF1-811A-495E-8054-5E6DD3B76678}.Release|Any CPU.ActiveCfg = Release|Any CPU
		{4B3AFCF1-811A-495E-8054-5E6DD3B76678}.Release|Any CPU.Build.0 = Release|Any CPU
	EndGlobalSection
	GlobalSection(SolutionProperties) = preSolution
		HideSolutionNode = FALSE
	EndGlobalSection
	GlobalSection(ExtensibilityGlobals) = postSolution
		SolutionGuid = {7BD79638-3B9C-47BA-9A1D-C092408A3F0F}
	EndGlobalSection
EndGlobal
